// !$*UTF8*$!
{
	archiveVersion = 1;
	classes = {
	};
	objectVersion = 50;
	objects = {

/* Begin PBXBuildFile section */
		C7071F1823E3ADBF00598589 /* Home.swift in Sources */ = {isa = PBXBuildFile; fileRef = C7071F1723E3ADBF00598589 /* Home.swift */; };
		C7071F1A23E3AE5F00598589 /* Movies.swift in Sources */ = {isa = PBXBuildFile; fileRef = C7071F1923E3AE5F00598589 /* Movies.swift */; };
		C7071F1C23E3AE6B00598589 /* Favorites.swift in Sources */ = {isa = PBXBuildFile; fileRef = C7071F1B23E3AE6B00598589 /* Favorites.swift */; };
		C7071F2023E3AE8100598589 /* Feedback.swift in Sources */ = {isa = PBXBuildFile; fileRef = C7071F1F23E3AE8100598589 /* Feedback.swift */; };
		C7071F2723E40ACE00598589 /* Profile.swift in Sources */ = {isa = PBXBuildFile; fileRef = C7071F2623E40ACE00598589 /* Profile.swift */; };
		C7071F2923E40AD700598589 /* Watched.swift in Sources */ = {isa = PBXBuildFile; fileRef = C7071F2823E40AD700598589 /* Watched.swift */; };
		C7071F2E23E40DCA00598589 /* AccountFavorites.swift in Sources */ = {isa = PBXBuildFile; fileRef = C7071F2D23E40DCA00598589 /* AccountFavorites.swift */; };
		C734E05723E4B62600B1ADBC /* MyAccount.swift in Sources */ = {isa = PBXBuildFile; fileRef = C734E05623E4B62600B1ADBC /* MyAccount.swift */; };
		C734E06823E55EC700B1ADBC /* Montserrat-LightItalic.ttf in Resources */ = {isa = PBXBuildFile; fileRef = C734E05E23E55EC700B1ADBC /* Montserrat-LightItalic.ttf */; };
		C734E06923E55EC700B1ADBC /* Montserrat-Italic.ttf in Resources */ = {isa = PBXBuildFile; fileRef = C734E05F23E55EC700B1ADBC /* Montserrat-Italic.ttf */; };
		C734E06A23E55EC700B1ADBC /* Montserrat-ExtraLightItalic.ttf in Resources */ = {isa = PBXBuildFile; fileRef = C734E06023E55EC700B1ADBC /* Montserrat-ExtraLightItalic.ttf */; };
		C734E06B23E55EC700B1ADBC /* Montserrat-Regular.ttf in Resources */ = {isa = PBXBuildFile; fileRef = C734E06123E55EC700B1ADBC /* Montserrat-Regular.ttf */; };
		C734E06C23E55EC700B1ADBC /* Montserrat-Light.ttf in Resources */ = {isa = PBXBuildFile; fileRef = C734E06223E55EC700B1ADBC /* Montserrat-Light.ttf */; };
		C734E06D23E55EC700B1ADBC /* Montserrat-SemiBold.ttf in Resources */ = {isa = PBXBuildFile; fileRef = C734E06323E55EC700B1ADBC /* Montserrat-SemiBold.ttf */; };
		C734E06E23E55EC700B1ADBC /* Montserrat-ThinItalic.ttf in Resources */ = {isa = PBXBuildFile; fileRef = C734E06423E55EC700B1ADBC /* Montserrat-ThinItalic.ttf */; };
		C734E06F23E55EC700B1ADBC /* Montserrat-ExtraLight.ttf in Resources */ = {isa = PBXBuildFile; fileRef = C734E06523E55EC700B1ADBC /* Montserrat-ExtraLight.ttf */; };
		C734E07023E55EC700B1ADBC /* Montserrat-Thin.ttf in Resources */ = {isa = PBXBuildFile; fileRef = C734E06623E55EC700B1ADBC /* Montserrat-Thin.ttf */; };
		C734E07123E55EC700B1ADBC /* Montserrat-SemiBoldItalic.ttf in Resources */ = {isa = PBXBuildFile; fileRef = C734E06723E55EC700B1ADBC /* Montserrat-SemiBoldItalic.ttf */; };
		C7CDFBDF23B489BA00143862 /* AppDelegate.swift in Sources */ = {isa = PBXBuildFile; fileRef = C7CDFBDE23B489BA00143862 /* AppDelegate.swift */; };
		C7CDFBE123B489BA00143862 /* SceneDelegate.swift in Sources */ = {isa = PBXBuildFile; fileRef = C7CDFBE023B489BA00143862 /* SceneDelegate.swift */; };
		C7CDFBE323B489BA00143862 /* ContentView.swift in Sources */ = {isa = PBXBuildFile; fileRef = C7CDFBE223B489BA00143862 /* ContentView.swift */; };
		C7CDFBE523B489BC00143862 /* Assets.xcassets in Resources */ = {isa = PBXBuildFile; fileRef = C7CDFBE423B489BC00143862 /* Assets.xcassets */; };
		C7CDFBE823B489BC00143862 /* Preview Assets.xcassets in Resources */ = {isa = PBXBuildFile; fileRef = C7CDFBE723B489BC00143862 /* Preview Assets.xcassets */; };
		C7CDFBEB23B489BC00143862 /* LaunchScreen.storyboard in Resources */ = {isa = PBXBuildFile; fileRef = C7CDFBE923B489BC00143862 /* LaunchScreen.storyboard */; };
/* End PBXBuildFile section */

/* Begin PBXFileReference section */
		C7071F1723E3ADBF00598589 /* Home.swift */ = {isa = PBXFileReference; lastKnownFileType = sourcecode.swift; path = Home.swift; sourceTree = "<group>"; };
		C7071F1923E3AE5F00598589 /* Movies.swift */ = {isa = PBXFileReference; lastKnownFileType = sourcecode.swift; path = Movies.swift; sourceTree = "<group>"; };
		C7071F1B23E3AE6B00598589 /* Favorites.swift */ = {isa = PBXFileReference; lastKnownFileType = sourcecode.swift; path = Favorites.swift; sourceTree = "<group>"; };
		C7071F1F23E3AE8100598589 /* Feedback.swift */ = {isa = PBXFileReference; lastKnownFileType = sourcecode.swift; path = Feedback.swift; sourceTree = "<group>"; };
		C7071F2623E40ACE00598589 /* Profile.swift */ = {isa = PBXFileReference; lastKnownFileType = sourcecode.swift; path = Profile.swift; sourceTree = "<group>"; };
		C7071F2823E40AD700598589 /* Watched.swift */ = {isa = PBXFileReference; lastKnownFileType = sourcecode.swift; path = Watched.swift; sourceTree = "<group>"; };
		C7071F2D23E40DCA00598589 /* AccountFavorites.swift */ = {isa = PBXFileReference; lastKnownFileType = sourcecode.swift; path = AccountFavorites.swift; sourceTree = "<group>"; };
		C734E05623E4B62600B1ADBC /* MyAccount.swift */ = {isa = PBXFileReference; lastKnownFileType = sourcecode.swift; path = MyAccount.swift; sourceTree = "<group>"; };
		C734E05E23E55EC700B1ADBC /* Montserrat-LightItalic.ttf */ = {isa = PBXFileReference; lastKnownFileType = file; path = "Montserrat-LightItalic.ttf"; sourceTree = "<group>"; };
		C734E05F23E55EC700B1ADBC /* Montserrat-Italic.ttf */ = {isa = PBXFileReference; lastKnownFileType = file; path = "Montserrat-Italic.ttf"; sourceTree = "<group>"; };
		C734E06023E55EC700B1ADBC /* Montserrat-ExtraLightItalic.ttf */ = {isa = PBXFileReference; lastKnownFileType = file; path = "Montserrat-ExtraLightItalic.ttf"; sourceTree = "<group>"; };
		C734E06123E55EC700B1ADBC /* Montserrat-Regular.ttf */ = {isa = PBXFileReference; lastKnownFileType = file; path = "Montserrat-Regular.ttf"; sourceTree = "<group>"; };
		C734E06223E55EC700B1ADBC /* Montserrat-Light.ttf */ = {isa = PBXFileReference; lastKnownFileType = file; path = "Montserrat-Light.ttf"; sourceTree = "<group>"; };
		C734E06323E55EC700B1ADBC /* Montserrat-SemiBold.ttf */ = {isa = PBXFileReference; lastKnownFileType = file; path = "Montserrat-SemiBold.ttf"; sourceTree = "<group>"; };
		C734E06423E55EC700B1ADBC /* Montserrat-ThinItalic.ttf */ = {isa = PBXFileReference; lastKnownFileType = file; path = "Montserrat-ThinItalic.ttf"; sourceTree = "<group>"; };
		C734E06523E55EC700B1ADBC /* Montserrat-ExtraLight.ttf */ = {isa = PBXFileReference; lastKnownFileType = file; path = "Montserrat-ExtraLight.ttf"; sourceTree = "<group>"; };
		C734E06623E55EC700B1ADBC /* Montserrat-Thin.ttf */ = {isa = PBXFileReference; lastKnownFileType = file; path = "Montserrat-Thin.ttf"; sourceTree = "<group>"; };
		C734E06723E55EC700B1ADBC /* Montserrat-SemiBoldItalic.ttf */ = {isa = PBXFileReference; lastKnownFileType = file; path = "Montserrat-SemiBoldItalic.ttf"; sourceTree = "<group>"; };
		C7CDFBDB23B489BA00143862 /* Baked Potatoes.app */ = {isa = PBXFileReference; explicitFileType = wrapper.application; includeInIndex = 0; path = "Baked Potatoes.app"; sourceTree = BUILT_PRODUCTS_DIR; };
		C7CDFBDE23B489BA00143862 /* AppDelegate.swift */ = {isa = PBXFileReference; lastKnownFileType = sourcecode.swift; path = AppDelegate.swift; sourceTree = "<group>"; };
		C7CDFBE023B489BA00143862 /* SceneDelegate.swift */ = {isa = PBXFileReference; lastKnownFileType = sourcecode.swift; path = SceneDelegate.swift; sourceTree = "<group>"; };
		C7CDFBE223B489BA00143862 /* ContentView.swift */ = {isa = PBXFileReference; lastKnownFileType = sourcecode.swift; path = ContentView.swift; sourceTree = "<group>"; };
		C7CDFBE423B489BC00143862 /* Assets.xcassets */ = {isa = PBXFileReference; lastKnownFileType = folder.assetcatalog; path = Assets.xcassets; sourceTree = "<group>"; };
		C7CDFBE723B489BC00143862 /* Preview Assets.xcassets */ = {isa = PBXFileReference; lastKnownFileType = folder.assetcatalog; path = "Preview Assets.xcassets"; sourceTree = "<group>"; };
		C7CDFBEA23B489BC00143862 /* Base */ = {isa = PBXFileReference; lastKnownFileType = file.storyboard; name = Base; path = Base.lproj/LaunchScreen.storyboard; sourceTree = "<group>"; };
		C7CDFBEC23B489BC00143862 /* Info.plist */ = {isa = PBXFileReference; lastKnownFileType = text.plist.xml; path = Info.plist; sourceTree = "<group>"; };
/* End PBXFileReference section */

/* Begin PBXFrameworksBuildPhase section */
		C7CDFBD823B489BA00143862 /* Frameworks */ = {
			isa = PBXFrameworksBuildPhase;
			buildActionMask = 2147483647;
			files = (
			);
			runOnlyForDeploymentPostprocessing = 0;
		};
/* End PBXFrameworksBuildPhase section */

/* Begin PBXGroup section */
		C7071F2C23E40D9600598589 /* My Account Tabs */ = {
			isa = PBXGroup;
			children = (
				C7071F2D23E40DCA00598589 /* AccountFavorites.swift */,
				C7071F2823E40AD700598589 /* Watched.swift */,
				C7071F2623E40ACE00598589 /* Profile.swift */,
			);
			path = "My Account Tabs";
			sourceTree = "<group>";
		};
		C734E07323E55F0500B1ADBC /* Fonts */ = {
			isa = PBXGroup;
			children = (
				C734E06523E55EC700B1ADBC /* Montserrat-ExtraLight.ttf */,
				C734E06023E55EC700B1ADBC /* Montserrat-ExtraLightItalic.ttf */,
				C734E05F23E55EC700B1ADBC /* Montserrat-Italic.ttf */,
				C734E06223E55EC700B1ADBC /* Montserrat-Light.ttf */,
				C734E05E23E55EC700B1ADBC /* Montserrat-LightItalic.ttf */,
				C734E06123E55EC700B1ADBC /* Montserrat-Regular.ttf */,
				C734E06323E55EC700B1ADBC /* Montserrat-SemiBold.ttf */,
				C734E06723E55EC700B1ADBC /* Montserrat-SemiBoldItalic.ttf */,
				C734E06623E55EC700B1ADBC /* Montserrat-Thin.ttf */,
				C734E06423E55EC700B1ADBC /* Montserrat-ThinItalic.ttf */,
			);
			path = Fonts;
			sourceTree = "<group>";
		};
		C7CDFBD223B489BA00143862 = {
			isa = PBXGroup;
			children = (
				C7CDFBDD23B489BA00143862 /* Baked Potatoes */,
				C7CDFBDC23B489BA00143862 /* Products */,
			);
			sourceTree = "<group>";
		};
		C7CDFBDC23B489BA00143862 /* Products */ = {
			isa = PBXGroup;
			children = (
				C7CDFBDB23B489BA00143862 /* Baked Potatoes.app */,
			);
			name = Products;
			sourceTree = "<group>";
		};
		C7CDFBDD23B489BA00143862 /* Baked Potatoes */ = {
			isa = PBXGroup;
			children = (
				C734E07323E55F0500B1ADBC /* Fonts */,
				C7CDFBDE23B489BA00143862 /* AppDelegate.swift */,
				C7CDFBE023B489BA00143862 /* SceneDelegate.swift */,
				C7CDFBE223B489BA00143862 /* ContentView.swift */,
				C7071F1723E3ADBF00598589 /* Home.swift */,
				C7071F1923E3AE5F00598589 /* Movies.swift */,
				C7071F1B23E3AE6B00598589 /* Favorites.swift */,
				C734E05623E4B62600B1ADBC /* MyAccount.swift */,
				C7071F2C23E40D9600598589 /* My Account Tabs */,
				C7071F1F23E3AE8100598589 /* Feedback.swift */,
				C7CDFBE423B489BC00143862 /* Assets.xcassets */,
				C7CDFBE923B489BC00143862 /* LaunchScreen.storyboard */,
				C7CDFBEC23B489BC00143862 /* Info.plist */,
				C7CDFBE623B489BC00143862 /* Preview Content */,
			);
			path = "Baked Potatoes";
			sourceTree = "<group>";
		};
		C7CDFBE623B489BC00143862 /* Preview Content */ = {
			isa = PBXGroup;
			children = (
				C7CDFBE723B489BC00143862 /* Preview Assets.xcassets */,
			);
			path = "Preview Content";
			sourceTree = "<group>";
		};
/* End PBXGroup section */

/* Begin PBXNativeTarget section */
		C7CDFBDA23B489BA00143862 /* Baked Potatoes */ = {
			isa = PBXNativeTarget;
			buildConfigurationList = C7CDFBEF23B489BC00143862 /* Build configuration list for PBXNativeTarget "Baked Potatoes" */;
			buildPhases = (
				C7CDFBD723B489BA00143862 /* Sources */,
				C7CDFBD823B489BA00143862 /* Frameworks */,
				C7CDFBD923B489BA00143862 /* Resources */,
			);
			buildRules = (
			);
			dependencies = (
			);
			name = "Baked Potatoes";
			productName = "Baked Potatoes";
			productReference = C7CDFBDB23B489BA00143862 /* Baked Potatoes.app */;
			productType = "com.apple.product-type.application";
		};
/* End PBXNativeTarget section */

/* Begin PBXProject section */
		C7CDFBD323B489BA00143862 /* Project object */ = {
			isa = PBXProject;
			attributes = {
				LastSwiftUpdateCheck = 1120;
				LastUpgradeCheck = 1120;
				ORGANIZATIONNAME = "David Adrien Gonzalez";
				TargetAttributes = {
					C7CDFBDA23B489BA00143862 = {
						CreatedOnToolsVersion = 11.2.1;
					};
				};
			};
			buildConfigurationList = C7CDFBD623B489BA00143862 /* Build configuration list for PBXProject "Baked Potatoes" */;
			compatibilityVersion = "Xcode 9.3";
			developmentRegion = en;
			hasScannedForEncodings = 0;
			knownRegions = (
				en,
				Base,
			);
			mainGroup = C7CDFBD223B489BA00143862;
			productRefGroup = C7CDFBDC23B489BA00143862 /* Products */;
			projectDirPath = "";
			projectRoot = "";
			targets = (
				C7CDFBDA23B489BA00143862 /* Baked Potatoes */,
			);
		};
/* End PBXProject section */

/* Begin PBXResourcesBuildPhase section */
		C7CDFBD923B489BA00143862 /* Resources */ = {
			isa = PBXResourcesBuildPhase;
			buildActionMask = 2147483647;
			files = (
				C734E06923E55EC700B1ADBC /* Montserrat-Italic.ttf in Resources */,
				C734E06823E55EC700B1ADBC /* Montserrat-LightItalic.ttf in Resources */,
				C734E06B23E55EC700B1ADBC /* Montserrat-Regular.ttf in Resources */,
				C7CDFBEB23B489BC00143862 /* LaunchScreen.storyboard in Resources */,
				C734E06E23E55EC700B1ADBC /* Montserrat-ThinItalic.ttf in Resources */,
				C734E06C23E55EC700B1ADBC /* Montserrat-Light.ttf in Resources */,
				C734E07123E55EC700B1ADBC /* Montserrat-SemiBoldItalic.ttf in Resources */,
				C734E06F23E55EC700B1ADBC /* Montserrat-ExtraLight.ttf in Resources */,
				C7CDFBE823B489BC00143862 /* Preview Assets.xcassets in Resources */,
				C734E06D23E55EC700B1ADBC /* Montserrat-SemiBold.ttf in Resources */,
				C7CDFBE523B489BC00143862 /* Assets.xcassets in Resources */,
				C734E07023E55EC700B1ADBC /* Montserrat-Thin.ttf in Resources */,
				C734E06A23E55EC700B1ADBC /* Montserrat-ExtraLightItalic.ttf in Resources */,
			);
			runOnlyForDeploymentPostprocessing = 0;
		};
/* End PBXResourcesBuildPhase section */

/* Begin PBXSourcesBuildPhase section */
		C7CDFBD723B489BA00143862 /* Sources */ = {
			isa = PBXSourcesBuildPhase;
			buildActionMask = 2147483647;
			files = (
				C7071F1A23E3AE5F00598589 /* Movies.swift in Sources */,
				C734E05723E4B62600B1ADBC /* MyAccount.swift in Sources */,
				C7CDFBDF23B489BA00143862 /* AppDelegate.swift in Sources */,
				C7071F2923E40AD700598589 /* Watched.swift in Sources */,
				C7CDFBE123B489BA00143862 /* SceneDelegate.swift in Sources */,
				C7071F1C23E3AE6B00598589 /* Favorites.swift in Sources */,
				C7071F2E23E40DCA00598589 /* AccountFavorites.swift in Sources */,
				C7071F1823E3ADBF00598589 /* Home.swift in Sources */,
				C7071F2023E3AE8100598589 /* Feedback.swift in Sources */,
				C7071F2723E40ACE00598589 /* Profile.swift in Sources */,
				C7CDFBE323B489BA00143862 /* ContentView.swift in Sources */,
			);
			runOnlyForDeploymentPostprocessing = 0;
		};
/* End PBXSourcesBuildPhase section */

/* Begin PBXVariantGroup section */
		C7CDFBE923B489BC00143862 /* LaunchScreen.storyboard */ = {
			isa = PBXVariantGroup;
			children = (
				C7CDFBEA23B489BC00143862 /* Base */,
			);
			name = LaunchScreen.storyboard;
			sourceTree = "<group>";
		};
/* End PBXVariantGroup section */

/* Begin XCBuildConfiguration section */
		C7CDFBED23B489BC00143862 /* Debug */ = {
			isa = XCBuildConfiguration;
			buildSettings = {
				ALWAYS_SEARCH_USER_PATHS = NO;
				CLANG_ANALYZER_NONNULL = YES;
				CLANG_ANALYZER_NUMBER_OBJECT_CONVERSION = YES_AGGRESSIVE;
				CLANG_CXX_LANGUAGE_STANDARD = "gnu++14";
				CLANG_CXX_LIBRARY = "libc++";
				CLANG_ENABLE_MODULES = YES;
				CLANG_ENABLE_OBJC_ARC = YES;
				CLANG_ENABLE_OBJC_WEAK = YES;
				CLANG_WARN_BLOCK_CAPTURE_AUTORELEASING = YES;
				CLANG_WARN_BOOL_CONVERSION = YES;
				CLANG_WARN_COMMA = YES;
				CLANG_WARN_CONSTANT_CONVERSION = YES;
				CLANG_WARN_DEPRECATED_OBJC_IMPLEMENTATIONS = YES;
				CLANG_WARN_DIRECT_OBJC_ISA_USAGE = YES_ERROR;
				CLANG_WARN_DOCUMENTATION_COMMENTS = YES;
				CLANG_WARN_EMPTY_BODY = YES;
				CLANG_WARN_ENUM_CONVERSION = YES;
				CLANG_WARN_INFINITE_RECURSION = YES;
				CLANG_WARN_INT_CONVERSION = YES;
				CLANG_WARN_NON_LITERAL_NULL_CONVERSION = YES;
				CLANG_WARN_OBJC_IMPLICIT_RETAIN_SELF = YES;
				CLANG_WARN_OBJC_LITERAL_CONVERSION = YES;
				CLANG_WARN_OBJC_ROOT_CLASS = YES_ERROR;
				CLANG_WARN_RANGE_LOOP_ANALYSIS = YES;
				CLANG_WARN_STRICT_PROTOTYPES = YES;
				CLANG_WARN_SUSPICIOUS_MOVE = YES;
				CLANG_WARN_UNGUARDED_AVAILABILITY = YES_AGGRESSIVE;
				CLANG_WARN_UNREACHABLE_CODE = YES;
				CLANG_WARN__DUPLICATE_METHOD_MATCH = YES;
				COPY_PHASE_STRIP = NO;
				DEBUG_INFORMATION_FORMAT = dwarf;
				ENABLE_STRICT_OBJC_MSGSEND = YES;
				ENABLE_TESTABILITY = YES;
				GCC_C_LANGUAGE_STANDARD = gnu11;
				GCC_DYNAMIC_NO_PIC = NO;
				GCC_NO_COMMON_BLOCKS = YES;
				GCC_OPTIMIZATION_LEVEL = 0;
				GCC_PREPROCESSOR_DEFINITIONS = (
					"DEBUG=1",
					"$(inherited)",
				);
				GCC_WARN_64_TO_32_BIT_CONVERSION = YES;
				GCC_WARN_ABOUT_RETURN_TYPE = YES_ERROR;
				GCC_WARN_UNDECLARED_SELECTOR = YES;
				GCC_WARN_UNINITIALIZED_AUTOS = YES_AGGRESSIVE;
				GCC_WARN_UNUSED_FUNCTION = YES;
				GCC_WARN_UNUSED_VARIABLE = YES;
				IPHONEOS_DEPLOYMENT_TARGET = 13.2;
				MTL_ENABLE_DEBUG_INFO = INCLUDE_SOURCE;
				MTL_FAST_MATH = YES;
				ONLY_ACTIVE_ARCH = YES;
				SDKROOT = iphoneos;
				SWIFT_ACTIVE_COMPILATION_CONDITIONS = DEBUG;
				SWIFT_OPTIMIZATION_LEVEL = "-Onone";
			};
			name = Debug;
		};
		C7CDFBEE23B489BC00143862 /* Release */ = {
			isa = XCBuildConfiguration;
			buildSettings = {
				ALWAYS_SEARCH_USER_PATHS = NO;
				CLANG_ANALYZER_NONNULL = YES;
				CLANG_ANALYZER_NUMBER_OBJECT_CONVERSION = YES_AGGRESSIVE;
				CLANG_CXX_LANGUAGE_STANDARD = "gnu++14";
				CLANG_CXX_LIBRARY = "libc++";
				CLANG_ENABLE_MODULES = YES;
				CLANG_ENABLE_OBJC_ARC = YES;
				CLANG_ENABLE_OBJC_WEAK = YES;
				CLANG_WARN_BLOCK_CAPTURE_AUTORELEASING = YES;
				CLANG_WARN_BOOL_CONVERSION = YES;
				CLANG_WARN_COMMA = YES;
				CLANG_WARN_CONSTANT_CONVERSION = YES;
				CLANG_WARN_DEPRECATED_OBJC_IMPLEMENTATIONS = YES;
				CLANG_WARN_DIRECT_OBJC_ISA_USAGE = YES_ERROR;
				CLANG_WARN_DOCUMENTATION_COMMENTS = YES;
				CLANG_WARN_EMPTY_BODY = YES;
				CLANG_WARN_ENUM_CONVERSION = YES;
				CLANG_WARN_INFINITE_RECURSION = YES;
				CLANG_WARN_INT_CONVERSION = YES;
				CLANG_WARN_NON_LITERAL_NULL_CONVERSION = YES;
				CLANG_WARN_OBJC_IMPLICIT_RETAIN_SELF = YES;
				CLANG_WARN_OBJC_LITERAL_CONVERSION = YES;
				CLANG_WARN_OBJC_ROOT_CLASS = YES_ERROR;
				CLANG_WARN_RANGE_LOOP_ANALYSIS = YES;
				CLANG_WARN_STRICT_PROTOTYPES = YES;
				CLANG_WARN_SUSPICIOUS_MOVE = YES;
				CLANG_WARN_UNGUARDED_AVAILABILITY = YES_AGGRESSIVE;
				CLANG_WARN_UNREACHABLE_CODE = YES;
				CLANG_WARN__DUPLICATE_METHOD_MATCH = YES;
				COPY_PHASE_STRIP = NO;
				DEBUG_INFORMATION_FORMAT = "dwarf-with-dsym";
				ENABLE_NS_ASSERTIONS = NO;
				ENABLE_STRICT_OBJC_MSGSEND = YES;
				GCC_C_LANGUAGE_STANDARD = gnu11;
				GCC_NO_COMMON_BLOCKS = YES;
				GCC_WARN_64_TO_32_BIT_CONVERSION = YES;
				GCC_WARN_ABOUT_RETURN_TYPE = YES_ERROR;
				GCC_WARN_UNDECLARED_SELECTOR = YES;
				GCC_WARN_UNINITIALIZED_AUTOS = YES_AGGRESSIVE;
				GCC_WARN_UNUSED_FUNCTION = YES;
				GCC_WARN_UNUSED_VARIABLE = YES;
				IPHONEOS_DEPLOYMENT_TARGET = 13.2;
				MTL_ENABLE_DEBUG_INFO = NO;
				MTL_FAST_MATH = YES;
				SDKROOT = iphoneos;
				SWIFT_COMPILATION_MODE = wholemodule;
				SWIFT_OPTIMIZATION_LEVEL = "-O";
				VALIDATE_PRODUCT = YES;
			};
			name = Release;
		};
		C7CDFBF023B489BC00143862 /* Debug */ = {
			isa = XCBuildConfiguration;
			buildSettings = {
				ASSETCATALOG_COMPILER_APPICON_NAME = AppIcon;
				CODE_SIGN_STYLE = Automatic;
				CURRENT_PROJECT_VERSION = 1;
				DEVELOPMENT_ASSET_PATHS = "\"Baked Potatoes/Preview Content\"";
				DEVELOPMENT_TEAM = 47F4EVLGG7;
				ENABLE_PREVIEWS = YES;
				INFOPLIST_FILE = "Baked Potatoes/Info.plist";
				IPHONEOS_DEPLOYMENT_TARGET = 13.2;
				LD_RUNPATH_SEARCH_PATHS = (
					"$(inherited)",
					"@executable_path/Frameworks",
				);
				PRODUCT_BUNDLE_IDENTIFIER = "com.Gonzalez.Baked-Potatoes";
				PRODUCT_NAME = "$(TARGET_NAME)";
				SWIFT_VERSION = 5.0;
				TARGETED_DEVICE_FAMILY = 1;
			};
			name = Debug;
		};
		C7CDFBF123B489BC00143862 /* Release */ = {
			isa = XCBuildConfiguration;
			buildSettings = {
				ASSETCATALOG_COMPILER_APPICON_NAME = AppIcon;
				CODE_SIGN_STYLE = Automatic;
				CURRENT_PROJECT_VERSION = 1;
				DEVELOPMENT_ASSET_PATHS = "\"Baked Potatoes/Preview Content\"";
				DEVELOPMENT_TEAM = 47F4EVLGG7;
				ENABLE_PREVIEWS = YES;
				INFOPLIST_FILE = "Baked Potatoes/Info.plist";
				IPHONEOS_DEPLOYMENT_TARGET = 13.2;
				LD_RUNPATH_SEARCH_PATHS = (
					"$(inherited)",
					"@executable_path/Frameworks",
				);
				PRODUCT_BUNDLE_IDENTIFIER = "com.Gonzalez.Baked-Potatoes";
				PRODUCT_NAME = "$(TARGET_NAME)";
				SWIFT_VERSION = 5.0;
				TARGETED_DEVICE_FAMILY = 1;
			};
			name = Release;
		};
/* End XCBuildConfiguration section */

/* Begin XCConfigurationList section */
		C7CDFBD623B489BA00143862 /* Build configuration list for PBXProject "Baked Potatoes" */ = {
			isa = XCConfigurationList;
			buildConfigurations = (
				C7CDFBED23B489BC00143862 /* Debug */,
				C7CDFBEE23B489BC00143862 /* Release */,
			);
			defaultConfigurationIsVisible = 0;
			defaultConfigurationName = Release;
		};
		C7CDFBEF23B489BC00143862 /* Build configuration list for PBXNativeTarget "Baked Potatoes" */ = {
			isa = XCConfigurationList;
			buildConfigurations = (
				C7CDFBF023B489BC00143862 /* Debug */,
				C7CDFBF123B489BC00143862 /* Release */,
			);
			defaultConfigurationIsVisible = 0;
			defaultConfigurationName = Release;
		};
/* End XCConfigurationList section */
	};
	rootObject = C7CDFBD323B489BA00143862 /* Project object */;
}
